<?xml version="1.0" encoding="utf-8"?>
<Project ToolsVersion="4.0" xmlns="http://schemas.microsoft.com/developer/msbuild/2003">
  <ItemGroup>
    <Filter Include="Source Files">
      <UniqueIdentifier>{4FC737F1-C7A5-4376-A066-2A32D752A2FF}</UniqueIdentifier>
      <Extensions>cpp;c;cc;cxx;c++;cppm;ixx;def;odl;idl;hpj;bat;asm;asmx</Extensions>
    </Filter>
    <Filter Include="Header Files">
      <UniqueIdentifier>{93995380-89BD-4b04-88EB-625FBE52EBFB}</UniqueIdentifier>
      <Extensions>h;hh;hpp;hxx;h++;hm;inl;inc;ipp;xsd</Extensions>
    </Filter>
    <Filter Include="Resource Files">
      <UniqueIdentifier>{67DA6AB6-F800-4c08-8B7A-83BB121AAD01}</UniqueIdentifier>
      <Extensions>rc;ico;cur;bmp;dlg;rc2;rct;bin;rgs;gif;jpg;jpeg;jpe;resx;tiff;tif;png;wav;mfcribbon-ms</Extensions>
    </Filter>
    <Filter Include="Header Files\Shaders">
      <UniqueIdentifier>{a7dfe5da-cc75-4824-85d9-40128ab8b3a8}</UniqueIdentifier>
    </Filter>
    <Filter Include="Source Files\D3D">
      <UniqueIdentifier>{7c956990-25c9-4a75-b955-dc54356e6031}</UniqueIdentifier>
    </Filter>
    <Filter Include="Source Files\Shaders">
      <UniqueIdentifier>{5e4493f3-4b96-4548-b075-326fcfa3ec9c}</UniqueIdentifier>
    </Filter>
    <Filter Include="Header Files\D3D">
      <UniqueIdentifier>{70c084c9-f97e-4438-ae1c-72604c81b65b}</UniqueIdentifier>
    </Filter>
    <Filter Include="Header Files\Math">
      <UniqueIdentifier>{6902a396-6b2a-491d-90a9-dd9479ccfc95}</UniqueIdentifier>
    </Filter>
    <Filter Include="Header Files\Interface">
      <UniqueIdentifier>{de53335e-9c31-4e3d-a963-02e105beeb50}</UniqueIdentifier>
    </Filter>
    <Filter Include="Header Files\Resource">
      <UniqueIdentifier>{fb69f869-ff3f-4e9b-a135-589b4dcba68a}</UniqueIdentifier>
    </Filter>
    <Filter Include="Header Files\PCH">
      <UniqueIdentifier>{837b0c0b-140b-4f3b-bbc4-6053672d6667}</UniqueIdentifier>
    </Filter>
    <Filter Include="Resource Files\Shaders">
      <UniqueIdentifier>{336fb891-a763-4629-bade-d3af1cfed83e}</UniqueIdentifier>
    </Filter>
  </ItemGroup>
  <ItemGroup>
    <ClCompile Include="Light Baker.cpp">
      <Filter>Source Files</Filter>
    </ClCompile>
    <ClCompile Include="pch.cpp">
      <Filter>Source Files</Filter>
    </ClCompile>
    <ClCompile Include="GpuBuffer.cpp">
      <Filter>Source Files\D3D</Filter>
    </ClCompile>
  </ItemGroup>
  <ItemGroup>
    <None Include="Light Baker.def">
      <Filter>Source Files</Filter>
    </None>
    <None Include="Baking.hlsli">
      <Filter>Header Files\Shaders</Filter>
    </None>
    <None Include="BakeSun.cso">
      <Filter>Resource Files\Shaders</Filter>
    </None>
    <None Include="BakeIndirect.cso">
      <Filter>Resource Files\Shaders</Filter>
    </None>
    <None Include="BakeSkyEmissive.cso">
      <Filter>Resource Files\Shaders</Filter>
    </None>
    <None Include="BakeDirect.cso">
      <Filter>Resource Files\Shaders</Filter>
    </None>
    <None Include="GenSmoothNormals.cso">
      <Filter>Resource Files\Shaders</Filter>
    </None>
  </ItemGroup>
  <ItemGroup>
    <ClInclude Include="Light Baker.h">
      <Filter>Header Files</Filter>
    </ClInclude>
    <ClInclude Include="GpuBuffer.h">
      <Filter>Header Files\D3D</Filter>
    </ClInclude>
    <ClInclude Include="IJed.h">
      <Filter>Header Files\Interface</Filter>
    </ClInclude>
    <ClInclude Include="Resource.h">
      <Filter>Header Files\Resource</Filter>
    </ClInclude>
    <ClInclude Include="targetver.h">
      <Filter>Header Files\PCH</Filter>
    </ClInclude>
    <ClInclude Include="framework.h">
      <Filter>Header Files\PCH</Filter>
    </ClInclude>
    <ClInclude Include="pch.h">
      <Filter>Header Files\PCH</Filter>
    </ClInclude>
    <ClInclude Include="float4.h">
      <Filter>Header Files\Math</Filter>
    </ClInclude>
    <ClInclude Include="float3.h">
      <Filter>Header Files\Math</Filter>
    </ClInclude>
  </ItemGroup>
  <ItemGroup>
    <ResourceCompile Include="Light Baker.rc">
      <Filter>Resource Files</Filter>
    </ResourceCompile>
  </ItemGroup>
  <ItemGroup>
    <FxCompile Include="BakeSun.hlsl">
      <Filter>Source Files\Shaders</Filter>
    </FxCompile>
    <FxCompile Include="BakeDirect.hlsl">
      <Filter>Source Files\Shaders</Filter>
    </FxCompile>
    <FxCompile Include="BakeIndirect.hlsl">
      <Filter>Source Files\Shaders</Filter>
    </FxCompile>
    <FxCompile Include="BakeSkyEmissive.hlsl">
      <Filter>Source Files\Shaders</Filter>
    </FxCompile>
    <FxCompile Include="GenSmoothNormals.hlsl">
      <Filter>Source Files\Shaders</Filter>
    </FxCompile>
  </ItemGroup>
</Project>